
Microsoft Visual Studio Solution File, Format Version 12.00
# Visual Studio Version 16
VisualStudioVersion = 16.0.30907.101
MinimumVisualStudioVersion = 10.0.40219.1
Project("{FAE04EC0-301F-11D3-BF4B-00C04F79EFBC}") = "DPRN1_U2_EA_JHRM", "DPRN1_U2_EA_JHRM.csproj", "{B524CF17-60E4-46CB-BC04-D1DB4715B198}"
EndProject
Global
	GlobalSection(SolutionConfigurationPlatforms) = preSolution
		Debug|Any CPU = Debug|Any CPU
		Release|Any CPU = Release|Any CPU
	EndGlobalSection
	GlobalSection(ProjectConfigurationPlatforms) = postSolution
		{B524CF17-60E4-46CB-BC04-D1DB4715B198}.Debug|Any CPU.ActiveCfg = Debug|Any CPU
		{B524CF17-60E4-46CB-BC04-D1DB4715B198}.Debug|Any CPU.Build.0 = Debug|Any CPU
		{B524CF17-60E4-46CB-BC04-D1DB4715B198}.Release|Any CPU.ActiveCfg = Release|Any CPU
		{B524CF17-60E4-46CB-BC04-D1DB4715B198}.Release|Any CPU.Build.0 = Release|Any CPU
	EndGlobalSection
	GlobalSection(SolutionProperties) = preSolution
		HideSolutionNode = FALSE
	EndGlobalSection
	GlobalSection(ExtensibilityGlobals) = postSolution
		SolutionGuid = {2BCB002E-B50C-43A0-B758-6EB92300BD1C}
	EndGlobalSection
EndGlobal
