
Microsoft Visual Studio Solution File, Format Version 12.00
# Visual Studio Version 16
VisualStudioVersion = 16.0.30907.101
MinimumVisualStudioVersion = 10.0.40219.1
Project("{FAE04EC0-301F-11D3-BF4B-00C04F79EFBC}") = "DPRN1_U2_A4_JHRM", "DPRN1_U2_A4_JHRM.csproj", "{21FCB65E-E68D-4F1E-9398-8DF64BC30BDE}"
EndProject
Global
	GlobalSection(SolutionConfigurationPlatforms) = preSolution
		Debug|Any CPU = Debug|Any CPU
		Release|Any CPU = Release|Any CPU
	EndGlobalSection
	GlobalSection(ProjectConfigurationPlatforms) = postSolution
		{21FCB65E-E68D-4F1E-9398-8DF64BC30BDE}.Debug|Any CPU.ActiveCfg = Debug|Any CPU
		{21FCB65E-E68D-4F1E-9398-8DF64BC30BDE}.Debug|Any CPU.Build.0 = Debug|Any CPU
		{21FCB65E-E68D-4F1E-9398-8DF64BC30BDE}.Release|Any CPU.ActiveCfg = Release|Any CPU
		{21FCB65E-E68D-4F1E-9398-8DF64BC30BDE}.Release|Any CPU.Build.0 = Release|Any CPU
	EndGlobalSection
	GlobalSection(SolutionProperties) = preSolution
		HideSolutionNode = FALSE
	EndGlobalSection
	GlobalSection(ExtensibilityGlobals) = postSolution
		SolutionGuid = {C7A696A1-E0B4-4604-88B2-7601850A1935}
	EndGlobalSection
EndGlobal
