
Microsoft Visual Studio Solution File, Format Version 12.00
# Visual Studio Version 16
VisualStudioVersion = 16.0.30907.101
MinimumVisualStudioVersion = 10.0.40219.1
Project("{FAE04EC0-301F-11D3-BF4B-00C04F79EFBC}") = "DPRN1_U2_A3_JHRM", "DPRN1_U2_A3_JHRM.csproj", "{0121BFFC-EFB6-49E8-9064-35245CF52106}"
EndProject
Global
	GlobalSection(SolutionConfigurationPlatforms) = preSolution
		Debug|Any CPU = Debug|Any CPU
		Release|Any CPU = Release|Any CPU
	EndGlobalSection
	GlobalSection(ProjectConfigurationPlatforms) = postSolution
		{0121BFFC-EFB6-49E8-9064-35245CF52106}.Debug|Any CPU.ActiveCfg = Debug|Any CPU
		{0121BFFC-EFB6-49E8-9064-35245CF52106}.Debug|Any CPU.Build.0 = Debug|Any CPU
		{0121BFFC-EFB6-49E8-9064-35245CF52106}.Release|Any CPU.ActiveCfg = Release|Any CPU
		{0121BFFC-EFB6-49E8-9064-35245CF52106}.Release|Any CPU.Build.0 = Release|Any CPU
	EndGlobalSection
	GlobalSection(SolutionProperties) = preSolution
		HideSolutionNode = FALSE
	EndGlobalSection
	GlobalSection(ExtensibilityGlobals) = postSolution
		SolutionGuid = {8F139D6C-03AF-4E52-89BE-C2576116760F}
	EndGlobalSection
EndGlobal
